
Microsoft Visual Studio Solution File, Format Version 12.00
# Visual Studio Version 17
VisualStudioVersion = 17.0.31903.59
MinimumVisualStudioVersion = 10.0.40219.1
Project("{2150E333-8FDC-42A3-9474-1A3956D46DE8}") = "src", "src", "{827E0CD3-B72D-47B6-A68D-7590B98EB39B}"
EndProject
Project("{FAE04EC0-301F-11D3-BF4B-00C04F79EFBC}") = "LifeGraph.Accounts", "src\LifeGraph.Accounts\LifeGraph.Accounts.csproj", "{C6153281-6928-46B4-B90E-D667D07F15C1}"
EndProject
Project("{FAE04EC0-301F-11D3-BF4B-00C04F79EFBC}") = "LifeGraph.Agents", "src\LifeGraph.Agents\LifeGraph.Agents.csproj", "{2869D6E4-73BF-4B41-B205-FFA4712137F2}"
EndProject
Project("{FAE04EC0-301F-11D3-BF4B-00C04F79EFBC}") = "LifeGraph.Collections", "src\LifeGraph.Collections\LifeGraph.Collections.csproj", "{261FC873-FF9A-48CC-BA68-BD78DFF9A9A8}"
EndProject
Project("{FAE04EC0-301F-11D3-BF4B-00C04F79EFBC}") = "LifeGraph.Graph", "src\LifeGraph.Graph\LifeGraph.Graph.csproj", "{BC840CE2-4296-415B-BE2D-FF780E5684A9}"
EndProject
Project("{FAE04EC0-301F-11D3-BF4B-00C04F79EFBC}") = "LifeGraph.Host", "src\LifeGraph.Host\LifeGraph.Host.csproj", "{50125119-B924-4033-AA91-406711A78B11}"
EndProject
Project("{FAE04EC0-301F-11D3-BF4B-00C04F79EFBC}") = "LifeGraph.Infrastructure", "src\LifeGraph.Infrastructure\LifeGraph.Infrastructure.csproj", "{9463C02A-97AD-442D-B420-127E04813646}"
EndProject
Project("{FAE04EC0-301F-11D3-BF4B-00C04F79EFBC}") = "LifeGraph.Resources", "src\LifeGraph.Resources\LifeGraph.Resources.csproj", "{55E63B35-7A94-4A61-8D5A-9138CB95C94D}"
EndProject
Project("{FAE04EC0-301F-11D3-BF4B-00C04F79EFBC}") = "LifeGraph.Semantic", "src\LifeGraph.Semantic\LifeGraph.Semantic.csproj", "{3F0F27C6-06CE-468C-BF1A-0B07848CD2BE}"
EndProject
Project("{FAE04EC0-301F-11D3-BF4B-00C04F79EFBC}") = "LifeGraph.Sharing", "src\LifeGraph.Sharing\LifeGraph.Sharing.csproj", "{905EE56A-06DE-499C-9596-9FEC09D461A1}"
EndProject
Project("{2150E333-8FDC-42A3-9474-1A3956D46DE8}") = "tests", "tests", "{0AB3BF05-4346-4AA6-1389-037BE0695223}"
EndProject
Project("{FAE04EC0-301F-11D3-BF4B-00C04F79EFBC}") = "LifeGraph.ArchitectureTests", "tests\LifeGraph.ArchitectureTests\LifeGraph.ArchitectureTests.csproj", "{34FF6ECC-114E-4FE1-97B4-05C949FF8915}"
EndProject
Project("{FAE04EC0-301F-11D3-BF4B-00C04F79EFBC}") = "LifeGraph.IntegrationTests", "tests\LifeGraph.IntegrationTests\LifeGraph.IntegrationTests.csproj", "{F40EBADC-98BB-48AF-A2D4-BD8FED3F9A41}"
EndProject
Project("{FAE04EC0-301F-11D3-BF4B-00C04F79EFBC}") = "LifeGraph.UnitTests", "tests\LifeGraph.UnitTests\LifeGraph.UnitTests.csproj", "{8BD53719-42B0-4C68-9BED-7FDA170377AD}"
EndProject
Project("{FAE04EC0-301F-11D3-BF4B-00C04F79EFBC}") = "LifeGraph.Http", "src\LifeGraph.Http\LifeGraph.Http.csproj", "{A689A757-DB40-478D-BEB0-B0696A719577}"
EndProject
Project("{FAE04EC0-301F-11D3-BF4B-00C04F79EFBC}") = "LifeGraph.Migrations", "src\LifeGraph.Migrations\LifeGraph.Migrations.csproj", "{02DF8EC3-94F5-4A07-A491-06B345426500}"
EndProject
Global
	GlobalSection(SolutionConfigurationPlatforms) = preSolution
		Debug|Any CPU = Debug|Any CPU
		Debug|x64 = Debug|x64
		Debug|x86 = Debug|x86
		Release|Any CPU = Release|Any CPU
		Release|x64 = Release|x64
		Release|x86 = Release|x86
	EndGlobalSection
	GlobalSection(ProjectConfigurationPlatforms) = postSolution
		{C6153281-6928-46B4-B90E-D667D07F15C1}.Debug|Any CPU.ActiveCfg = Debug|Any CPU
		{C6153281-6928-46B4-B90E-D667D07F15C1}.Debug|Any CPU.Build.0 = Debug|Any CPU
		{C6153281-6928-46B4-B90E-D667D07F15C1}.Debug|x64.ActiveCfg = Debug|Any CPU
		{C6153281-6928-46B4-B90E-D667D07F15C1}.Debug|x64.Build.0 = Debug|Any CPU
		{C6153281-6928-46B4-B90E-D667D07F15C1}.Debug|x86.ActiveCfg = Debug|Any CPU
		{C6153281-6928-46B4-B90E-D667D07F15C1}.Debug|x86.Build.0 = Debug|Any CPU
		{C6153281-6928-46B4-B90E-D667D07F15C1}.Release|Any CPU.ActiveCfg = Release|Any CPU
		{C6153281-6928-46B4-B90E-D667D07F15C1}.Release|Any CPU.Build.0 = Release|Any CPU
		{C6153281-6928-46B4-B90E-D667D07F15C1}.Release|x64.ActiveCfg = Release|Any CPU
		{C6153281-6928-46B4-B90E-D667D07F15C1}.Release|x64.Build.0 = Release|Any CPU
		{C6153281-6928-46B4-B90E-D667D07F15C1}.Release|x86.ActiveCfg = Release|Any CPU
		{C6153281-6928-46B4-B90E-D667D07F15C1}.Release|x86.Build.0 = Release|Any CPU
		{2869D6E4-73BF-4B41-B205-FFA4712137F2}.Debug|Any CPU.ActiveCfg = Debug|Any CPU
		{2869D6E4-73BF-4B41-B205-FFA4712137F2}.Debug|Any CPU.Build.0 = Debug|Any CPU
		{2869D6E4-73BF-4B41-B205-FFA4712137F2}.Debug|x64.ActiveCfg = Debug|Any CPU
		{2869D6E4-73BF-4B41-B205-FFA4712137F2}.Debug|x64.Build.0 = Debug|Any CPU
		{2869D6E4-73BF-4B41-B205-FFA4712137F2}.Debug|x86.ActiveCfg = Debug|Any CPU
		{2869D6E4-73BF-4B41-B205-FFA4712137F2}.Debug|x86.Build.0 = Debug|Any CPU
		{2869D6E4-73BF-4B41-B205-FFA4712137F2}.Release|Any CPU.ActiveCfg = Release|Any CPU
		{2869D6E4-73BF-4B41-B205-FFA4712137F2}.Release|Any CPU.Build.0 = Release|Any CPU
		{2869D6E4-73BF-4B41-B205-FFA4712137F2}.Release|x64.ActiveCfg = Release|Any CPU
		{2869D6E4-73BF-4B41-B205-FFA4712137F2}.Release|x64.Build.0 = Release|Any CPU
		{2869D6E4-73BF-4B41-B205-FFA4712137F2}.Release|x86.ActiveCfg = Release|Any CPU
		{2869D6E4-73BF-4B41-B205-FFA4712137F2}.Release|x86.Build.0 = Release|Any CPU
		{261FC873-FF9A-48CC-BA68-BD78DFF9A9A8}.Debug|Any CPU.ActiveCfg = Debug|Any CPU
		{261FC873-FF9A-48CC-BA68-BD78DFF9A9A8}.Debug|Any CPU.Build.0 = Debug|Any CPU
		{261FC873-FF9A-48CC-BA68-BD78DFF9A9A8}.Debug|x64.ActiveCfg = Debug|Any CPU
		{261FC873-FF9A-48CC-BA68-BD78DFF9A9A8}.Debug|x64.Build.0 = Debug|Any CPU
		{261FC873-FF9A-48CC-BA68-BD78DFF9A9A8}.Debug|x86.ActiveCfg = Debug|Any CPU
		{261FC873-FF9A-48CC-BA68-BD78DFF9A9A8}.Debug|x86.Build.0 = Debug|Any CPU
		{261FC873-FF9A-48CC-BA68-BD78DFF9A9A8}.Release|Any CPU.ActiveCfg = Release|Any CPU
		{261FC873-FF9A-48CC-BA68-BD78DFF9A9A8}.Release|Any CPU.Build.0 = Release|Any CPU
		{261FC873-FF9A-48CC-BA68-BD78DFF9A9A8}.Release|x64.ActiveCfg = Release|Any CPU
		{261FC873-FF9A-48CC-BA68-BD78DFF9A9A8}.Release|x64.Build.0 = Release|Any CPU
		{261FC873-FF9A-48CC-BA68-BD78DFF9A9A8}.Release|x86.ActiveCfg = Release|Any CPU
		{261FC873-FF9A-48CC-BA68-BD78DFF9A9A8}.Release|x86.Build.0 = Release|Any CPU
		{BC840CE2-4296-415B-BE2D-FF780E5684A9}.Debug|Any CPU.ActiveCfg = Debug|Any CPU
		{BC840CE2-4296-415B-BE2D-FF780E5684A9}.Debug|Any CPU.Build.0 = Debug|Any CPU
		{BC840CE2-4296-415B-BE2D-FF780E5684A9}.Debug|x64.ActiveCfg = Debug|Any CPU
		{BC840CE2-4296-415B-BE2D-FF780E5684A9}.Debug|x64.Build.0 = Debug|Any CPU
		{BC840CE2-4296-415B-BE2D-FF780E5684A9}.Debug|x86.ActiveCfg = Debug|Any CPU
		{BC840CE2-4296-415B-BE2D-FF780E5684A9}.Debug|x86.Build.0 = Debug|Any CPU
		{BC840CE2-4296-415B-BE2D-FF780E5684A9}.Release|Any CPU.ActiveCfg = Release|Any CPU
		{BC840CE2-4296-415B-BE2D-FF780E5684A9}.Release|Any CPU.Build.0 = Release|Any CPU
		{BC840CE2-4296-415B-BE2D-FF780E5684A9}.Release|x64.ActiveCfg = Release|Any CPU
		{BC840CE2-4296-415B-BE2D-FF780E5684A9}.Release|x64.Build.0 = Release|Any CPU
		{BC840CE2-4296-415B-BE2D-FF780E5684A9}.Release|x86.ActiveCfg = Release|Any CPU
		{BC840CE2-4296-415B-BE2D-FF780E5684A9}.Release|x86.Build.0 = Release|Any CPU
		{50125119-B924-4033-AA91-406711A78B11}.Debug|Any CPU.ActiveCfg = Debug|Any CPU
		{50125119-B924-4033-AA91-406711A78B11}.Debug|Any CPU.Build.0 = Debug|Any CPU
		{50125119-B924-4033-AA91-406711A78B11}.Debug|x64.ActiveCfg = Debug|Any CPU
		{50125119-B924-4033-AA91-406711A78B11}.Debug|x64.Build.0 = Debug|Any CPU
		{50125119-B924-4033-AA91-406711A78B11}.Debug|x86.ActiveCfg = Debug|Any CPU
		{50125119-B924-4033-AA91-406711A78B11}.Debug|x86.Build.0 = Debug|Any CPU
		{50125119-B924-4033-AA91-406711A78B11}.Release|Any CPU.ActiveCfg = Release|Any CPU
		{50125119-B924-4033-AA91-406711A78B11}.Release|Any CPU.Build.0 = Release|Any CPU
		{50125119-B924-4033-AA91-406711A78B11}.Release|x64.ActiveCfg = Release|Any CPU
		{50125119-B924-4033-AA91-406711A78B11}.Release|x64.Build.0 = Release|Any CPU
		{50125119-B924-4033-AA91-406711A78B11}.Release|x86.ActiveCfg = Release|Any CPU
		{50125119-B924-4033-AA91-406711A78B11}.Release|x86.Build.0 = Release|Any CPU
		{9463C02A-97AD-442D-B420-127E04813646}.Debug|Any CPU.ActiveCfg = Debug|Any CPU
		{9463C02A-97AD-442D-B420-127E04813646}.Debug|Any CPU.Build.0 = Debug|Any CPU
		{9463C02A-97AD-442D-B420-127E04813646}.Debug|x64.ActiveCfg = Debug|Any CPU
		{9463C02A-97AD-442D-B420-127E04813646}.Debug|x64.Build.0 = Debug|Any CPU
		{9463C02A-97AD-442D-B420-127E04813646}.Debug|x86.ActiveCfg = Debug|Any CPU
		{9463C02A-97AD-442D-B420-127E04813646}.Debug|x86.Build.0 = Debug|Any CPU
		{9463C02A-97AD-442D-B420-127E04813646}.Release|Any CPU.ActiveCfg = Release|Any CPU
		{9463C02A-97AD-442D-B420-127E04813646}.Release|Any CPU.Build.0 = Release|Any CPU
		{9463C02A-97AD-442D-B420-127E04813646}.Release|x64.ActiveCfg = Release|Any CPU
		{9463C02A-97AD-442D-B420-127E04813646}.Release|x64.Build.0 = Release|Any CPU
		{9463C02A-97AD-442D-B420-127E04813646}.Release|x86.ActiveCfg = Release|Any CPU
		{9463C02A-97AD-442D-B420-127E04813646}.Release|x86.Build.0 = Release|Any CPU
		{55E63B35-7A94-4A61-8D5A-9138CB95C94D}.Debug|Any CPU.ActiveCfg = Debug|Any CPU
		{55E63B35-7A94-4A61-8D5A-9138CB95C94D}.Debug|Any CPU.Build.0 = Debug|Any CPU
		{55E63B35-7A94-4A61-8D5A-9138CB95C94D}.Debug|x64.ActiveCfg = Debug|Any CPU
		{55E63B35-7A94-4A61-8D5A-9138CB95C94D}.Debug|x64.Build.0 = Debug|Any CPU
		{55E63B35-7A94-4A61-8D5A-9138CB95C94D}.Debug|x86.ActiveCfg = Debug|Any CPU
		{55E63B35-7A94-4A61-8D5A-9138CB95C94D}.Debug|x86.Build.0 = Debug|Any CPU
		{55E63B35-7A94-4A61-8D5A-9138CB95C94D}.Release|Any CPU.ActiveCfg = Release|Any CPU
		{55E63B35-7A94-4A61-8D5A-9138CB95C94D}.Release|Any CPU.Build.0 = Release|Any CPU
		{55E63B35-7A94-4A61-8D5A-9138CB95C94D}.Release|x64.ActiveCfg = Release|Any CPU
		{55E63B35-7A94-4A61-8D5A-9138CB95C94D}.Release|x64.Build.0 = Release|Any CPU
		{55E63B35-7A94-4A61-8D5A-9138CB95C94D}.Release|x86.ActiveCfg = Release|Any CPU
		{55E63B35-7A94-4A61-8D5A-9138CB95C94D}.Release|x86.Build.0 = Release|Any CPU
		{3F0F27C6-06CE-468C-BF1A-0B07848CD2BE}.Debug|Any CPU.ActiveCfg = Debug|Any CPU
		{3F0F27C6-06CE-468C-BF1A-0B07848CD2BE}.Debug|Any CPU.Build.0 = Debug|Any CPU
		{3F0F27C6-06CE-468C-BF1A-0B07848CD2BE}.Debug|x64.ActiveCfg = Debug|Any CPU
		{3F0F27C6-06CE-468C-BF1A-0B07848CD2BE}.Debug|x64.Build.0 = Debug|Any CPU
		{3F0F27C6-06CE-468C-BF1A-0B07848CD2BE}.Debug|x86.ActiveCfg = Debug|Any CPU
		{3F0F27C6-06CE-468C-BF1A-0B07848CD2BE}.Debug|x86.Build.0 = Debug|Any CPU
		{3F0F27C6-06CE-468C-BF1A-0B07848CD2BE}.Release|Any CPU.ActiveCfg = Release|Any CPU
		{3F0F27C6-06CE-468C-BF1A-0B07848CD2BE}.Release|Any CPU.Build.0 = Release|Any CPU
		{3F0F27C6-06CE-468C-BF1A-0B07848CD2BE}.Release|x64.ActiveCfg = Release|Any CPU
		{3F0F27C6-06CE-468C-BF1A-0B07848CD2BE}.Release|x64.Build.0 = Release|Any CPU
		{3F0F27C6-06CE-468C-BF1A-0B07848CD2BE}.Release|x86.ActiveCfg = Release|Any CPU
		{3F0F27C6-06CE-468C-BF1A-0B07848CD2BE}.Release|x86.Build.0 = Release|Any CPU
		{905EE56A-06DE-499C-9596-9FEC09D461A1}.Debug|Any CPU.ActiveCfg = Debug|Any CPU
		{905EE56A-06DE-499C-9596-9FEC09D461A1}.Debug|Any CPU.Build.0 = Debug|Any CPU
		{905EE56A-06DE-499C-9596-9FEC09D461A1}.Debug|x64.ActiveCfg = Debug|Any CPU
		{905EE56A-06DE-499C-9596-9FEC09D461A1}.Debug|x64.Build.0 = Debug|Any CPU
		{905EE56A-06DE-499C-9596-9FEC09D461A1}.Debug|x86.ActiveCfg = Debug|Any CPU
		{905EE56A-06DE-499C-9596-9FEC09D461A1}.Debug|x86.Build.0 = Debug|Any CPU
		{905EE56A-06DE-499C-9596-9FEC09D461A1}.Release|Any CPU.ActiveCfg = Release|Any CPU
		{905EE56A-06DE-499C-9596-9FEC09D461A1}.Release|Any CPU.Build.0 = Release|Any CPU
		{905EE56A-06DE-499C-9596-9FEC09D461A1}.Release|x64.ActiveCfg = Release|Any CPU
		{905EE56A-06DE-499C-9596-9FEC09D461A1}.Release|x64.Build.0 = Release|Any CPU
		{905EE56A-06DE-499C-9596-9FEC09D461A1}.Release|x86.ActiveCfg = Release|Any CPU
		{905EE56A-06DE-499C-9596-9FEC09D461A1}.Release|x86.Build.0 = Release|Any CPU
		{34FF6ECC-114E-4FE1-97B4-05C949FF8915}.Debug|Any CPU.ActiveCfg = Debug|Any CPU
		{34FF6ECC-114E-4FE1-97B4-05C949FF8915}.Debug|Any CPU.Build.0 = Debug|Any CPU
		{34FF6ECC-114E-4FE1-97B4-05C949FF8915}.Debug|x64.ActiveCfg = Debug|Any CPU
		{34FF6ECC-114E-4FE1-97B4-05C949FF8915}.Debug|x64.Build.0 = Debug|Any CPU
		{34FF6ECC-114E-4FE1-97B4-05C949FF8915}.Debug|x86.ActiveCfg = Debug|Any CPU
		{34FF6ECC-114E-4FE1-97B4-05C949FF8915}.Debug|x86.Build.0 = Debug|Any CPU
		{34FF6ECC-114E-4FE1-97B4-05C949FF8915}.Release|Any CPU.ActiveCfg = Release|Any CPU
		{34FF6ECC-114E-4FE1-97B4-05C949FF8915}.Release|Any CPU.Build.0 = Release|Any CPU
		{34FF6ECC-114E-4FE1-97B4-05C949FF8915}.Release|x64.ActiveCfg = Release|Any CPU
		{34FF6ECC-114E-4FE1-97B4-05C949FF8915}.Release|x64.Build.0 = Release|Any CPU
		{34FF6ECC-114E-4FE1-97B4-05C949FF8915}.Release|x86.ActiveCfg = Release|Any CPU
		{34FF6ECC-114E-4FE1-97B4-05C949FF8915}.Release|x86.Build.0 = Release|Any CPU
		{F40EBADC-98BB-48AF-A2D4-BD8FED3F9A41}.Debug|Any CPU.ActiveCfg = Debug|Any CPU
		{F40EBADC-98BB-48AF-A2D4-BD8FED3F9A41}.Debug|Any CPU.Build.0 = Debug|Any CPU
		{F40EBADC-98BB-48AF-A2D4-BD8FED3F9A41}.Debug|x64.ActiveCfg = Debug|Any CPU
		{F40EBADC-98BB-48AF-A2D4-BD8FED3F9A41}.Debug|x64.Build.0 = Debug|Any CPU
		{F40EBADC-98BB-48AF-A2D4-BD8FED3F9A41}.Debug|x86.ActiveCfg = Debug|Any CPU
		{F40EBADC-98BB-48AF-A2D4-BD8FED3F9A41}.Debug|x86.Build.0 = Debug|Any CPU
		{F40EBADC-98BB-48AF-A2D4-BD8FED3F9A41}.Release|Any CPU.ActiveCfg = Release|Any CPU
		{F40EBADC-98BB-48AF-A2D4-BD8FED3F9A41}.Release|Any CPU.Build.0 = Release|Any CPU
		{F40EBADC-98BB-48AF-A2D4-BD8FED3F9A41}.Release|x64.ActiveCfg = Release|Any CPU
		{F40EBADC-98BB-48AF-A2D4-BD8FED3F9A41}.Release|x64.Build.0 = Release|Any CPU
		{F40EBADC-98BB-48AF-A2D4-BD8FED3F9A41}.Release|x86.ActiveCfg = Release|Any CPU
		{F40EBADC-98BB-48AF-A2D4-BD8FED3F9A41}.Release|x86.Build.0 = Release|Any CPU
		{8BD53719-42B0-4C68-9BED-7FDA170377AD}.Debug|Any CPU.ActiveCfg = Debug|Any CPU
		{8BD53719-42B0-4C68-9BED-7FDA170377AD}.Debug|Any CPU.Build.0 = Debug|Any CPU
		{8BD53719-42B0-4C68-9BED-7FDA170377AD}.Debug|x64.ActiveCfg = Debug|Any CPU
		{8BD53719-42B0-4C68-9BED-7FDA170377AD}.Debug|x64.Build.0 = Debug|Any CPU
		{8BD53719-42B0-4C68-9BED-7FDA170377AD}.Debug|x86.ActiveCfg = Debug|Any CPU
		{8BD53719-42B0-4C68-9BED-7FDA170377AD}.Debug|x86.Build.0 = Debug|Any CPU
		{8BD53719-42B0-4C68-9BED-7FDA170377AD}.Release|Any CPU.ActiveCfg = Release|Any CPU
		{8BD53719-42B0-4C68-9BED-7FDA170377AD}.Release|Any CPU.Build.0 = Release|Any CPU
		{8BD53719-42B0-4C68-9BED-7FDA170377AD}.Release|x64.ActiveCfg = Release|Any CPU
		{8BD53719-42B0-4C68-9BED-7FDA170377AD}.Release|x64.Build.0 = Release|Any CPU
		{8BD53719-42B0-4C68-9BED-7FDA170377AD}.Release|x86.ActiveCfg = Release|Any CPU
		{8BD53719-42B0-4C68-9BED-7FDA170377AD}.Release|x86.Build.0 = Release|Any CPU
		{A689A757-DB40-478D-BEB0-B0696A719577}.Debug|Any CPU.ActiveCfg = Debug|Any CPU
		{A689A757-DB40-478D-BEB0-B0696A719577}.Debug|Any CPU.Build.0 = Debug|Any CPU
		{A689A757-DB40-478D-BEB0-B0696A719577}.Debug|x64.ActiveCfg = Debug|Any CPU
		{A689A757-DB40-478D-BEB0-B0696A719577}.Debug|x64.Build.0 = Debug|Any CPU
		{A689A757-DB40-478D-BEB0-B0696A719577}.Debug|x86.ActiveCfg = Debug|Any CPU
		{A689A757-DB40-478D-BEB0-B0696A719577}.Debug|x86.Build.0 = Debug|Any CPU
		{A689A757-DB40-478D-BEB0-B0696A719577}.Release|Any CPU.ActiveCfg = Release|Any CPU
		{A689A757-DB40-478D-BEB0-B0696A719577}.Release|Any CPU.Build.0 = Release|Any CPU
		{A689A757-DB40-478D-BEB0-B0696A719577}.Release|x64.ActiveCfg = Release|Any CPU
		{A689A757-DB40-478D-BEB0-B0696A719577}.Release|x64.Build.0 = Release|Any CPU
		{A689A757-DB40-478D-BEB0-B0696A719577}.Release|x86.ActiveCfg = Release|Any CPU
		{A689A757-DB40-478D-BEB0-B0696A719577}.Release|x86.Build.0 = Release|Any CPU
		{02DF8EC3-94F5-4A07-A491-06B345426500}.Debug|Any CPU.ActiveCfg = Debug|Any CPU
		{02DF8EC3-94F5-4A07-A491-06B345426500}.Debug|Any CPU.Build.0 = Debug|Any CPU
		{02DF8EC3-94F5-4A07-A491-06B345426500}.Debug|x64.ActiveCfg = Debug|Any CPU
		{02DF8EC3-94F5-4A07-A491-06B345426500}.Debug|x64.Build.0 = Debug|Any CPU
		{02DF8EC3-94F5-4A07-A491-06B345426500}.Debug|x86.ActiveCfg = Debug|Any CPU
		{02DF8EC3-94F5-4A07-A491-06B345426500}.Debug|x86.Build.0 = Debug|Any CPU
		{02DF8EC3-94F5-4A07-A491-06B345426500}.Release|Any CPU.ActiveCfg = Release|Any CPU
		{02DF8EC3-94F5-4A07-A491-06B345426500}.Release|Any CPU.Build.0 = Release|Any CPU
		{02DF8EC3-94F5-4A07-A491-06B345426500}.Release|x64.ActiveCfg = Release|Any CPU
		{02DF8EC3-94F5-4A07-A491-06B345426500}.Release|x64.Build.0 = Release|Any CPU
		{02DF8EC3-94F5-4A07-A491-06B345426500}.Release|x86.ActiveCfg = Release|Any CPU
		{02DF8EC3-94F5-4A07-A491-06B345426500}.Release|x86.Build.0 = Release|Any CPU
	EndGlobalSection
	GlobalSection(SolutionProperties) = preSolution
		HideSolutionNode = FALSE
	EndGlobalSection
	GlobalSection(NestedProjects) = preSolution
		{C6153281-6928-46B4-B90E-D667D07F15C1} = {827E0CD3-B72D-47B6-A68D-7590B98EB39B}
		{2869D6E4-73BF-4B41-B205-FFA4712137F2} = {827E0CD3-B72D-47B6-A68D-7590B98EB39B}
		{261FC873-FF9A-48CC-BA68-BD78DFF9A9A8} = {827E0CD3-B72D-47B6-A68D-7590B98EB39B}
		{BC840CE2-4296-415B-BE2D-FF780E5684A9} = {827E0CD3-B72D-47B6-A68D-7590B98EB39B}
		{50125119-B924-4033-AA91-406711A78B11} = {827E0CD3-B72D-47B6-A68D-7590B98EB39B}
		{9463C02A-97AD-442D-B420-127E04813646} = {827E0CD3-B72D-47B6-A68D-7590B98EB39B}
		{55E63B35-7A94-4A61-8D5A-9138CB95C94D} = {827E0CD3-B72D-47B6-A68D-7590B98EB39B}
		{3F0F27C6-06CE-468C-BF1A-0B07848CD2BE} = {827E0CD3-B72D-47B6-A68D-7590B98EB39B}
		{905EE56A-06DE-499C-9596-9FEC09D461A1} = {827E0CD3-B72D-47B6-A68D-7590B98EB39B}
		{34FF6ECC-114E-4FE1-97B4-05C949FF8915} = {0AB3BF05-4346-4AA6-1389-037BE0695223}
		{F40EBADC-98BB-48AF-A2D4-BD8FED3F9A41} = {0AB3BF05-4346-4AA6-1389-037BE0695223}
		{8BD53719-42B0-4C68-9BED-7FDA170377AD} = {0AB3BF05-4346-4AA6-1389-037BE0695223}
		{A689A757-DB40-478D-BEB0-B0696A719577} = {827E0CD3-B72D-47B6-A68D-7590B98EB39B}
		{02DF8EC3-94F5-4A07-A491-06B345426500} = {827E0CD3-B72D-47B6-A68D-7590B98EB39B}
	EndGlobalSection
EndGlobal
